
Microsoft Visual Studio Solution File, Format Version 12.00
# Visual Studio Version 17
VisualStudioVersion = 17.8.34330.188
MinimumVisualStudioVersion = 10.0.40219.1
Project("{FAE04EC0-301F-11D3-BF4B-00C04F79EFBC}") = "Objective", "Objective\Objective.csproj", "{2F11FD49-DA15-4F2E-95DB-686FE5666139}"
EndProject
Project("{FAE04EC0-301F-11D3-BF4B-00C04F79EFBC}") = "Objective.Domain", "bulding block\Objective.Domain\Objective.Domain.csproj", "{54E60768-5ABA-4B5F-A44F-8BDBE696E53F}"
EndProject
Project("{FAE04EC0-301F-11D3-BF4B-00C04F79EFBC}") = "Objective.Tests", "tests\Objective.Tests\Objective.Tests.csproj", "{C8BC1956-68C9-4E13-8C85-2B6E6CFF8AEA}"
EndProject
Global
	GlobalSection(SolutionConfigurationPlatforms) = preSolution
		Debug|Any CPU = Debug|Any CPU
		Release|Any CPU = Release|Any CPU
	EndGlobalSection
	GlobalSection(ProjectConfigurationPlatforms) = postSolution
		{2F11FD49-DA15-4F2E-95DB-686FE5666139}.Debug|Any CPU.ActiveCfg = Debug|Any CPU
		{2F11FD49-DA15-4F2E-95DB-686FE5666139}.Debug|Any CPU.Build.0 = Debug|Any CPU
		{2F11FD49-DA15-4F2E-95DB-686FE5666139}.Release|Any CPU.ActiveCfg = Release|Any CPU
		{2F11FD49-DA15-4F2E-95DB-686FE5666139}.Release|Any CPU.Build.0 = Release|Any CPU
		{54E60768-5ABA-4B5F-A44F-8BDBE696E53F}.Debug|Any CPU.ActiveCfg = Debug|Any CPU
		{54E60768-5ABA-4B5F-A44F-8BDBE696E53F}.Debug|Any CPU.Build.0 = Debug|Any CPU
		{54E60768-5ABA-4B5F-A44F-8BDBE696E53F}.Release|Any CPU.ActiveCfg = Release|Any CPU
		{54E60768-5ABA-4B5F-A44F-8BDBE696E53F}.Release|Any CPU.Build.0 = Release|Any CPU
		{C8BC1956-68C9-4E13-8C85-2B6E6CFF8AEA}.Debug|Any CPU.ActiveCfg = Debug|Any CPU
		{C8BC1956-68C9-4E13-8C85-2B6E6CFF8AEA}.Debug|Any CPU.Build.0 = Debug|Any CPU
		{C8BC1956-68C9-4E13-8C85-2B6E6CFF8AEA}.Release|Any CPU.ActiveCfg = Release|Any CPU
		{C8BC1956-68C9-4E13-8C85-2B6E6CFF8AEA}.Release|Any CPU.Build.0 = Release|Any CPU
	EndGlobalSection
	GlobalSection(SolutionProperties) = preSolution
		HideSolutionNode = FALSE
	EndGlobalSection
	GlobalSection(ExtensibilityGlobals) = postSolution
		SolutionGuid = {CBAF6379-A42B-4301-8736-1E84372DCDE6}
	EndGlobalSection
EndGlobal
